
Microsoft Visual Studio Solution File, Format Version 12.00
# Visual Studio Version 17
VisualStudioVersion = 17.9.34607.119
MinimumVisualStudioVersion = 10.0.40219.1
Project("{FAE04EC0-301F-11D3-BF4B-00C04F79EFBC}") = "Act1 U2", "Act1 U2\Act1 U2.csproj", "{287B73CF-2281-432C-8D45-1DC5FDA73D85}"
EndProject
Global
	GlobalSection(SolutionConfigurationPlatforms) = preSolution
		Debug|Any CPU = Debug|Any CPU
		Release|Any CPU = Release|Any CPU
	EndGlobalSection
	GlobalSection(ProjectConfigurationPlatforms) = postSolution
		{287B73CF-2281-432C-8D45-1DC5FDA73D85}.Debug|Any CPU.ActiveCfg = Debug|Any CPU
		{287B73CF-2281-432C-8D45-1DC5FDA73D85}.Debug|Any CPU.Build.0 = Debug|Any CPU
		{287B73CF-2281-432C-8D45-1DC5FDA73D85}.Release|Any CPU.ActiveCfg = Release|Any CPU
		{287B73CF-2281-432C-8D45-1DC5FDA73D85}.Release|Any CPU.Build.0 = Release|Any CPU
	EndGlobalSection
	GlobalSection(SolutionProperties) = preSolution
		HideSolutionNode = FALSE
	EndGlobalSection
	GlobalSection(ExtensibilityGlobals) = postSolution
		SolutionGuid = {AA243596-E920-43C7-BAA9-1FD54360CE53}
	EndGlobalSection
EndGlobal
